<?xml version="1.0"?>
<CONFIG>
  <ProjectOptions>
    <PathDelim Value="\"/>
    <Version Value="7"/>
    <General>
      <Flags>
        <MainUnitHasCreateFormStatements Value="False"/>
        <MainUnitHasTitleStatement Value="False"/>
      </Flags>
      <MainUnit Value="0"/>
      <TargetFileExt Value=".exe"/>
      <Title Value="SPS"/>
      <Icon Value="0"/>
      <UseXPManifest Value="True"/>
      <ActiveEditorIndexAtStart Value="4"/>
    </General>
    <VersionInfo>
      <UseVersionInfo Value="True"/>
      <AutoIncrementBuild Value="True"/>
      <CurrentVersionNr Value="1"/>
      <CurrentMajorRevNr Value="1"/>
      <CurrentMinorRevNr Value="32"/>
      <CurrentBuildNr Value="159"/>
      <ProjectVersion Value="1.1.32.146"/>
      <FileDescription Value="Ticket Search Project - Searching Kernel"/>
      <LegalCopyright Value="EnigmaHuang@Gmail.com all rights reserved."/>
    </VersionInfo>
    <PublishOptions>
      <Version Value="2"/>
      <IgnoreBinaries Value="False"/>
      <IncludeFileFilter Value="*.(pas|pp|inc|lfm|lpr|lrs|lpi|lpk|sh|xml)"/>
      <ExcludeFileFilter Value="*.(bak|ppu|ppw|o|so);*~;backup"/>
    </PublishOptions>
    <RunParams>
      <local>
        <FormatVersion Value="1"/>
        <CommandLineParams Value="1day output.txt 2013.db3"/>
        <LaunchingApplication PathPlusParams="/usr/X11R6/bin/xterm -T 'Lazarus Run Output' -e $(LazarusDir)/tools/runwait.sh $(TargetCmdLine)"/>
      </local>
    </RunParams>
    <Units Count="17">
      <Unit0>
        <Filename Value="SPS.pas"/>
        <IsPartOfProject Value="True"/>
        <UnitName Value="SPS"/>
        <CursorPos X="45" Y="6"/>
        <TopLine Value="6"/>
        <EditorIndex Value="0"/>
        <UsageCount Value="38"/>
        <Loaded Value="True"/>
      </Unit0>
      <Unit1>
        <Filename Value="SearchKernel.pas"/>
        <UnitName Value="SearchKernel"/>
        <CursorPos X="49" Y="21"/>
        <TopLine Value="1"/>
        <EditorIndex Value="1"/>
        <UsageCount Value="16"/>
        <Loaded Value="True"/>
      </Unit1>
      <Unit2>
        <Filename Value="SysData.pas"/>
        <UnitName Value="SysData"/>
        <CursorPos X="52" Y="109"/>
        <TopLine Value="81"/>
        <EditorIndex Value="2"/>
        <UsageCount Value="18"/>
        <Loaded Value="True"/>
      </Unit2>
      <Unit3>
        <Filename Value="Citys.pas"/>
        <UnitName Value="Citys"/>
        <CursorPos X="44" Y="136"/>
        <TopLine Value="39"/>
        <EditorIndex Value="3"/>
        <UsageCount Value="15"/>
        <Loaded Value="True"/>
      </Unit3>
      <Unit4>
        <Filename Value="LoadDatabase.pas"/>
        <UnitName Value="LoadDatabase"/>
        <CursorPos X="42" Y="61"/>
        <TopLine Value="58"/>
        <UsageCount Value="10"/>
      </Unit4>
      <Unit5>
        <Filename Value="DatabaseIO.pas"/>
        <UnitName Value="DatabaseIO"/>
        <CursorPos X="29" Y="96"/>
        <TopLine Value="84"/>
        <EditorIndex Value="4"/>
        <UsageCount Value="19"/>
        <Loaded Value="True"/>
        <FoldState Value=" T4L0t011F"/>
      </Unit5>
      <Unit6>
        <Filename Value="..\DBTest\Unit1.pas"/>
        <ComponentName Value="Form1"/>
        <HasResources Value="True"/>
        <ResourceBaseClass Value="Form"/>
        <UnitName Value="Unit1"/>
        <CursorPos X="25" Y="4"/>
        <TopLine Value="25"/>
        <UsageCount Value="10"/>
      </Unit6>
      <Unit7>
        <Filename Value="..\lazarus\fpc\2.2.4\source\packages\fcl-db\src\sqlite\customsqliteds.pas"/>
        <UnitName Value="customsqliteds"/>
        <CursorPos X="31" Y="149"/>
        <TopLine Value="159"/>
        <UsageCount Value="10"/>
      </Unit7>
      <Unit8>
        <Filename Value="..\lazarus\fpc\2.2.4\source\packages\fcl-db\src\sqlite\sqlite3ds.pas"/>
        <UnitName Value="sqlite3ds"/>
        <CursorPos X="36" Y="46"/>
        <TopLine Value="34"/>
        <UsageCount Value="10"/>
      </Unit8>
      <Unit9>
        <Filename Value="..\lazarus\fpc\2.2.4\source\rtl\objpas\objpas.pp"/>
        <UnitName Value="objpas"/>
        <CursorPos X="15" Y="71"/>
        <TopLine Value="77"/>
        <UsageCount Value="10"/>
      </Unit9>
      <Unit10>
        <Filename Value="SysDAT.pas"/>
        <IsPartOfProject Value="True"/>
        <UnitName Value="SysDAT"/>
        <CursorPos X="50" Y="29"/>
        <TopLine Value="1"/>
        <EditorIndex Value="5"/>
        <UsageCount Value="30"/>
        <Loaded Value="True"/>
      </Unit10>
      <Unit11>
        <Filename Value="..\lazarus\fpc\2.2.4\source\rtl\objpas\sysutils\filutilh.inc"/>
        <CursorPos X="10" Y="84"/>
        <TopLine Value="78"/>
        <UsageCount Value="10"/>
      </Unit11>
      <Unit12>
        <Filename Value="..\lazarus\fpc\2.2.4\source\packages\fcl-base\src\custapp.pp"/>
        <UnitName Value="CustApp"/>
        <CursorPos X="15" Y="53"/>
        <TopLine Value="80"/>
        <UsageCount Value="10"/>
      </Unit12>
      <Unit13>
        <Filename Value="..\lazarus\fpc\2.2.4\source\rtl\objpas\dateutils.pp"/>
        <UnitName Value="dateutils"/>
        <CursorPos X="10" Y="1"/>
        <TopLine Value="1"/>
        <UsageCount Value="10"/>
      </Unit13>
      <Unit14>
        <Filename Value="..\lazarus\fpc\2.2.4\source\rtl\objpas\dateutil.inc"/>
        <CursorPos X="10" Y="275"/>
        <TopLine Value="263"/>
        <UsageCount Value="10"/>
      </Unit14>
      <Unit15>
        <Filename Value="..\lazarus\fpc\2.2.4\source\packages\fcl-db\src\base\db.pas"/>
        <UnitName Value="db"/>
        <CursorPos X="26" Y="110"/>
        <TopLine Value="98"/>
        <UsageCount Value="10"/>
      </Unit15>
      <Unit16>
        <Filename Value="..\lazarus\fpc\2.2.4\source\rtl\inc\systemh.inc"/>
        <CursorPos X="3" Y="238"/>
        <TopLine Value="224"/>
        <UsageCount Value="10"/>
      </Unit16>
    </Units>
    <JumpHistory Count="30" HistoryIndex="29">
      <Position1>
        <Filename Value="DatabaseIO.pas"/>
        <Caret Line="111" Column="1" TopLine="97"/>
      </Position1>
      <Position2>
        <Filename Value="DatabaseIO.pas"/>
        <Caret Line="112" Column="1" TopLine="98"/>
      </Position2>
      <Position3>
        <Filename Value="DatabaseIO.pas"/>
        <Caret Line="111" Column="1" TopLine="97"/>
      </Position3>
      <Position4>
        <Filename Value="DatabaseIO.pas"/>
        <Caret Line="112" Column="1" TopLine="98"/>
      </Position4>
      <Position5>
        <Filename Value="DatabaseIO.pas"/>
        <Caret Line="111" Column="1" TopLine="97"/>
      </Position5>
      <Position6>
        <Filename Value="DatabaseIO.pas"/>
        <Caret Line="112" Column="1" TopLine="98"/>
      </Position6>
      <Position7>
        <Filename Value="DatabaseIO.pas"/>
        <Caret Line="111" Column="1" TopLine="97"/>
      </Position7>
      <Position8>
        <Filename Value="DatabaseIO.pas"/>
        <Caret Line="112" Column="1" TopLine="98"/>
      </Position8>
      <Position9>
        <Filename Value="DatabaseIO.pas"/>
        <Caret Line="111" Column="1" TopLine="97"/>
      </Position9>
      <Position10>
        <Filename Value="DatabaseIO.pas"/>
        <Caret Line="112" Column="1" TopLine="98"/>
      </Position10>
      <Position11>
        <Filename Value="DatabaseIO.pas"/>
        <Caret Line="111" Column="1" TopLine="97"/>
      </Position11>
      <Position12>
        <Filename Value="DatabaseIO.pas"/>
        <Caret Line="112" Column="1" TopLine="98"/>
      </Position12>
      <Position13>
        <Filename Value="DatabaseIO.pas"/>
        <Caret Line="111" Column="1" TopLine="97"/>
      </Position13>
      <Position14>
        <Filename Value="DatabaseIO.pas"/>
        <Caret Line="112" Column="1" TopLine="98"/>
      </Position14>
      <Position15>
        <Filename Value="DatabaseIO.pas"/>
        <Caret Line="111" Column="1" TopLine="97"/>
      </Position15>
      <Position16>
        <Filename Value="DatabaseIO.pas"/>
        <Caret Line="112" Column="1" TopLine="98"/>
      </Position16>
      <Position17>
        <Filename Value="DatabaseIO.pas"/>
        <Caret Line="111" Column="1" TopLine="97"/>
      </Position17>
      <Position18>
        <Filename Value="DatabaseIO.pas"/>
        <Caret Line="112" Column="1" TopLine="98"/>
      </Position18>
      <Position19>
        <Filename Value="DatabaseIO.pas"/>
        <Caret Line="111" Column="1" TopLine="97"/>
      </Position19>
      <Position20>
        <Filename Value="DatabaseIO.pas"/>
        <Caret Line="112" Column="1" TopLine="98"/>
      </Position20>
      <Position21>
        <Filename Value="DatabaseIO.pas"/>
        <Caret Line="114" Column="1" TopLine="100"/>
      </Position21>
      <Position22>
        <Filename Value="DatabaseIO.pas"/>
        <Caret Line="116" Column="1" TopLine="102"/>
      </Position22>
      <Position23>
        <Filename Value="DatabaseIO.pas"/>
        <Caret Line="102" Column="1" TopLine="88"/>
      </Position23>
      <Position24>
        <Filename Value="DatabaseIO.pas"/>
        <Caret Line="103" Column="1" TopLine="89"/>
      </Position24>
      <Position25>
        <Filename Value="DatabaseIO.pas"/>
        <Caret Line="104" Column="1" TopLine="90"/>
      </Position25>
      <Position26>
        <Filename Value="DatabaseIO.pas"/>
        <Caret Line="105" Column="1" TopLine="91"/>
      </Position26>
      <Position27>
        <Filename Value="DatabaseIO.pas"/>
        <Caret Line="106" Column="1" TopLine="92"/>
      </Position27>
      <Position28>
        <Filename Value="DatabaseIO.pas"/>
        <Caret Line="116" Column="1" TopLine="102"/>
      </Position28>
      <Position29>
        <Filename Value="DatabaseIO.pas"/>
        <Caret Line="117" Column="1" TopLine="103"/>
      </Position29>
      <Position30>
        <Filename Value="DatabaseIO.pas"/>
        <Caret Line="17" Column="41" TopLine="1"/>
      </Position30>
    </JumpHistory>
  </ProjectOptions>
  <CompilerOptions>
    <Version Value="8"/>
    <PathDelim Value="\"/>
    <SearchPaths>
      <IncludeFiles Value="$(ProjOutDir)\"/>
    </SearchPaths>
    <Other>
      <CompilerPath Value="$(CompPath)"/>
    </Other>
  </CompilerOptions>
  <Debugging>
    <Watches Count="1">
      <Item1>
        <Expression Value="tmp[8]"/>
      </Item1>
    </Watches>
    <Exceptions Count="3">
      <Item1>
        <Name Value="EAbort"/>
      </Item1>
      <Item2>
        <Name Value="ECodetoolError"/>
      </Item2>
      <Item3>
        <Name Value="EFOpenError"/>
      </Item3>
    </Exceptions>
  </Debugging>
</CONFIG>
