<?xml version="1.0"?>
<CONFIG>
  <ProjectOptions>
    <Version Value="9"/>
    <PathDelim Value="\"/>
    <General>
      <Flags>
        <MainUnitHasCreateFormStatements Value="False"/>
        <MainUnitHasTitleStatement Value="False"/>
      </Flags>
      <MainUnit Value="0"/>
      <Title Value="SPS"/>
      <UseXPManifest Value="True"/>
      <ActiveWindowIndexAtStart Value="0"/>
    </General>
    <VersionInfo>
      <UseVersionInfo Value="True"/>
      <AutoIncrementBuild Value="True"/>
      <MajorVersionNr Value="1"/>
      <MinorVersionNr Value="1"/>
      <RevisionNr Value="32"/>
      <BuildNr Value="175"/>
      <StringTable FileDescription="Ticket Search Project - Searching Kernel" LegalCopyright="EnigmaHuang@Gmail.com all rights reserved." ProductVersion="1.1.32.146"/>
    </VersionInfo>
    <BuildModes Count="1">
      <Item1 Name="default" Default="True"/>
    </BuildModes>
    <PublishOptions>
      <Version Value="2"/>
      <IgnoreBinaries Value="False"/>
      <IncludeFileFilter Value="*.(pas|pp|inc|lfm|lpr|lrs|lpi|lpk|sh|xml)"/>
      <ExcludeFileFilter Value="*.(bak|ppu|ppw|o|so);*~;backup"/>
    </PublishOptions>
    <RunParams>
      <local>
        <FormatVersion Value="1"/>
        <CommandLineParams Value="1day output.txt 2013.db3"/>
        <LaunchingApplication PathPlusParams="\usr\X11R6\bin\xterm -T 'Lazarus Run Output' -e $(LazarusDir)\tools\runwait.sh $(TargetCmdLine)"/>
      </local>
    </RunParams>
    <Units Count="17">
      <Unit0>
        <Filename Value="SPS.pas"/>
        <IsPartOfProject Value="True"/>
        <UnitName Value="SPS"/>
        <EditorIndex Value="0"/>
        <WindowIndex Value="0"/>
        <TopLine Value="46"/>
        <CursorPos X="45" Y="65"/>
        <UsageCount Value="39"/>
        <Loaded Value="True"/>
        <LoadedDesigner Value="True"/>
      </Unit0>
      <Unit1>
        <Filename Value="SearchKernel.pas"/>
        <UnitName Value="SearchKernel"/>
        <EditorIndex Value="1"/>
        <WindowIndex Value="0"/>
        <TopLine Value="1"/>
        <CursorPos X="48" Y="107"/>
        <UsageCount Value="16"/>
        <Loaded Value="True"/>
      </Unit1>
      <Unit2>
        <Filename Value="SysData.pas"/>
        <UnitName Value="SysData"/>
        <EditorIndex Value="2"/>
        <WindowIndex Value="0"/>
        <TopLine Value="52"/>
        <CursorPos X="52" Y="109"/>
        <UsageCount Value="18"/>
        <Loaded Value="True"/>
      </Unit2>
      <Unit3>
        <Filename Value="Citys.pas"/>
        <UnitName Value="Citys"/>
        <EditorIndex Value="3"/>
        <WindowIndex Value="0"/>
        <TopLine Value="1"/>
        <CursorPos X="44" Y="8"/>
        <UsageCount Value="15"/>
        <Loaded Value="True"/>
      </Unit3>
      <Unit4>
        <Filename Value="LoadDatabase.pas"/>
        <UnitName Value="LoadDatabase"/>
        <TopLine Value="58"/>
        <CursorPos X="42" Y="61"/>
        <UsageCount Value="10"/>
      </Unit4>
      <Unit5>
        <Filename Value="DatabaseIO.pas"/>
        <UnitName Value="DatabaseIO"/>
        <IsVisibleTab Value="True"/>
        <EditorIndex Value="4"/>
        <WindowIndex Value="0"/>
        <TopLine Value="171"/>
        <CursorPos X="26" Y="182"/>
        <UsageCount Value="19"/>
        <Loaded Value="True"/>
      </Unit5>
      <Unit6>
        <Filename Value="..\DBTest\Unit1.pas"/>
        <ComponentName Value="Form1"/>
        <HasResources Value="True"/>
        <ResourceBaseClass Value="Form"/>
        <UnitName Value="Unit1"/>
        <TopLine Value="25"/>
        <CursorPos X="25" Y="4"/>
        <UsageCount Value="10"/>
      </Unit6>
      <Unit7>
        <Filename Value="..\lazarus\fpc\2.2.4\source\packages\fcl-db\src\sqlite\customsqliteds.pas"/>
        <UnitName Value="customsqliteds"/>
        <TopLine Value="159"/>
        <CursorPos X="31" Y="149"/>
        <UsageCount Value="10"/>
      </Unit7>
      <Unit8>
        <Filename Value="..\lazarus\fpc\2.2.4\source\packages\fcl-db\src\sqlite\sqlite3ds.pas"/>
        <UnitName Value="sqlite3ds"/>
        <TopLine Value="34"/>
        <CursorPos X="36" Y="46"/>
        <UsageCount Value="10"/>
      </Unit8>
      <Unit9>
        <Filename Value="..\lazarus\fpc\2.2.4\source\rtl\objpas\objpas.pp"/>
        <UnitName Value="objpas"/>
        <TopLine Value="77"/>
        <CursorPos X="15" Y="71"/>
        <UsageCount Value="10"/>
      </Unit9>
      <Unit10>
        <Filename Value="SysDAT.pas"/>
        <IsPartOfProject Value="True"/>
        <UnitName Value="SysDAT"/>
        <EditorIndex Value="5"/>
        <WindowIndex Value="0"/>
        <TopLine Value="3"/>
        <CursorPos X="50" Y="29"/>
        <UsageCount Value="31"/>
        <Loaded Value="True"/>
      </Unit10>
      <Unit11>
        <Filename Value="..\lazarus\fpc\2.2.4\source\rtl\objpas\sysutils\filutilh.inc"/>
        <TopLine Value="78"/>
        <CursorPos X="10" Y="84"/>
        <UsageCount Value="10"/>
      </Unit11>
      <Unit12>
        <Filename Value="..\lazarus\fpc\2.2.4\source\packages\fcl-base\src\custapp.pp"/>
        <UnitName Value="CustApp"/>
        <TopLine Value="80"/>
        <CursorPos X="15" Y="53"/>
        <UsageCount Value="10"/>
      </Unit12>
      <Unit13>
        <Filename Value="..\lazarus\fpc\2.2.4\source\rtl\objpas\dateutils.pp"/>
        <UnitName Value="dateutils"/>
        <TopLine Value="1"/>
        <CursorPos X="10" Y="1"/>
        <UsageCount Value="10"/>
      </Unit13>
      <Unit14>
        <Filename Value="..\lazarus\fpc\2.2.4\source\rtl\objpas\dateutil.inc"/>
        <TopLine Value="263"/>
        <CursorPos X="10" Y="275"/>
        <UsageCount Value="10"/>
      </Unit14>
      <Unit15>
        <Filename Value="..\lazarus\fpc\2.2.4\source\packages\fcl-db\src\base\db.pas"/>
        <UnitName Value="db"/>
        <TopLine Value="98"/>
        <CursorPos X="26" Y="110"/>
        <UsageCount Value="10"/>
      </Unit15>
      <Unit16>
        <Filename Value="..\lazarus\fpc\2.2.4\source\rtl\inc\systemh.inc"/>
        <TopLine Value="224"/>
        <CursorPos X="3" Y="238"/>
        <UsageCount Value="10"/>
      </Unit16>
    </Units>
    <JumpHistory Count="29" HistoryIndex="28">
      <Position1>
        <Filename Value="DatabaseIO.pas"/>
        <Caret Line="114" Column="1" TopLine="100"/>
      </Position1>
      <Position2>
        <Filename Value="DatabaseIO.pas"/>
        <Caret Line="116" Column="1" TopLine="102"/>
      </Position2>
      <Position3>
        <Filename Value="DatabaseIO.pas"/>
        <Caret Line="102" Column="1" TopLine="88"/>
      </Position3>
      <Position4>
        <Filename Value="DatabaseIO.pas"/>
        <Caret Line="103" Column="1" TopLine="89"/>
      </Position4>
      <Position5>
        <Filename Value="DatabaseIO.pas"/>
        <Caret Line="104" Column="1" TopLine="90"/>
      </Position5>
      <Position6>
        <Filename Value="DatabaseIO.pas"/>
        <Caret Line="105" Column="1" TopLine="91"/>
      </Position6>
      <Position7>
        <Filename Value="DatabaseIO.pas"/>
        <Caret Line="106" Column="1" TopLine="92"/>
      </Position7>
      <Position8>
        <Filename Value="DatabaseIO.pas"/>
        <Caret Line="116" Column="1" TopLine="102"/>
      </Position8>
      <Position9>
        <Filename Value="DatabaseIO.pas"/>
        <Caret Line="117" Column="1" TopLine="103"/>
      </Position9>
      <Position10>
        <Filename Value="DatabaseIO.pas"/>
        <Caret Line="17" Column="41" TopLine="1"/>
      </Position10>
      <Position11>
        <Filename Value="SearchKernel.pas"/>
        <Caret Line="54" Column="43" TopLine="40"/>
      </Position11>
      <Position12>
        <Filename Value="SearchKernel.pas"/>
        <Caret Line="50" Column="50" TopLine="38"/>
      </Position12>
      <Position13>
        <Filename Value="SearchKernel.pas"/>
        <Caret Line="82" Column="1" TopLine="78"/>
      </Position13>
      <Position14>
        <Filename Value="SearchKernel.pas"/>
        <Caret Line="84" Column="1" TopLine="71"/>
      </Position14>
      <Position15>
        <Filename Value="SearchKernel.pas"/>
        <Caret Line="85" Column="1" TopLine="72"/>
      </Position15>
      <Position16>
        <Filename Value="SearchKernel.pas"/>
        <Caret Line="86" Column="1" TopLine="73"/>
      </Position16>
      <Position17>
        <Filename Value="SearchKernel.pas"/>
        <Caret Line="87" Column="1" TopLine="74"/>
      </Position17>
      <Position18>
        <Filename Value="SearchKernel.pas"/>
        <Caret Line="88" Column="1" TopLine="75"/>
      </Position18>
      <Position19>
        <Filename Value="SearchKernel.pas"/>
        <Caret Line="93" Column="41" TopLine="76"/>
      </Position19>
      <Position20>
        <Filename Value="SearchKernel.pas"/>
        <Caret Line="91" Column="1" TopLine="78"/>
      </Position20>
      <Position21>
        <Filename Value="SearchKernel.pas"/>
        <Caret Line="93" Column="1" TopLine="80"/>
      </Position21>
      <Position22>
        <Filename Value="SearchKernel.pas"/>
        <Caret Line="95" Column="1" TopLine="82"/>
      </Position22>
      <Position23>
        <Filename Value="SearchKernel.pas"/>
        <Caret Line="96" Column="1" TopLine="83"/>
      </Position23>
      <Position24>
        <Filename Value="SearchKernel.pas"/>
        <Caret Line="99" Column="1" TopLine="86"/>
      </Position24>
      <Position25>
        <Filename Value="SearchKernel.pas"/>
        <Caret Line="108" Column="30" TopLine="92"/>
      </Position25>
      <Position26>
        <Filename Value="SearchKernel.pas"/>
        <Caret Line="93" Column="32" TopLine="86"/>
      </Position26>
      <Position27>
        <Filename Value="Citys.pas"/>
        <Caret Line="18" Column="27" TopLine="7"/>
      </Position27>
      <Position28>
        <Filename Value="Citys.pas"/>
        <Caret Line="21" Column="8" TopLine="7"/>
      </Position28>
      <Position29>
        <Filename Value="DatabaseIO.pas"/>
        <Caret Line="60" Column="27" TopLine="46"/>
      </Position29>
    </JumpHistory>
  </ProjectOptions>
  <CompilerOptions>
    <Version Value="11"/>
    <PathDelim Value="\"/>
    <SearchPaths>
      <IncludeFiles Value="$(ProjOutDir)"/>
    </SearchPaths>
    <Parsing>
      <SyntaxOptions>
        <UseAnsiStrings Value="False"/>
      </SyntaxOptions>
    </Parsing>
    <Other>
      <CompilerPath Value="$(CompPath)"/>
    </Other>
  </CompilerOptions>
  <Debugging>
    <BreakPoints Count="1">
      <Item1>
        <Kind Value="bpkSource"/>
        <WatchScope Value="wpsGlobal"/>
        <WatchKind Value="wpkWrite"/>
        <Source Value="SearchKernel.pas"/>
        <Line Value="84"/>
      </Item1>
    </BreakPoints>
    <Watches Count="3">
      <Item1>
        <Expression Value="path[2]"/>
      </Item1>
      <Item2>
        <Expression Value="path[3]"/>
      </Item2>
      <Item3>
        <Expression Value="path[4]"/>
      </Item3>
    </Watches>
    <Exceptions Count="3">
      <Item1>
        <Name Value="EAbort"/>
      </Item1>
      <Item2>
        <Name Value="ECodetoolError"/>
      </Item2>
      <Item3>
        <Name Value="EFOpenError"/>
      </Item3>
    </Exceptions>
  </Debugging>
</CONFIG>